
Microsoft Visual Studio Solution File, Format Version 12.00
# Visual Studio Version 17
VisualStudioVersion = 17.1.32228.430
MinimumVisualStudioVersion = 10.0.40219.1
Project("{2150E333-8FDC-42A3-9474-1A3956D46DE8}") = "Domain", "Domain", "{D38C5B5A-16A5-43B3-A42A-8AD95472A092}"
EndProject
Project("{2150E333-8FDC-42A3-9474-1A3956D46DE8}") = "Services", "Services", "{BAA83CB2-4F6D-4CB6-AFAE-3A3A576B59AC}"
EndProject
Project("{2150E333-8FDC-42A3-9474-1A3956D46DE8}") = "Presentation", "Presentation", "{A1279915-A575-436F-B255-3D492CA97316}"
EndProject
Project("{2150E333-8FDC-42A3-9474-1A3956D46DE8}") = "Contracts", "Contracts", "{9C0BE599-0FF0-421F-9AAA-26A2E4C7AB50}"
EndProject
Project("{2150E333-8FDC-42A3-9474-1A3956D46DE8}") = "Services.Abstractions", "Services.Abstractions", "{C63F29D3-1CE9-4D11-BC65-9D3EAEF94BF0}"
EndProject
Project("{2150E333-8FDC-42A3-9474-1A3956D46DE8}") = "Persistence", "Persistence", "{63DF064E-E4C3-42AA-BB3B-A232BFDC6D22}"
EndProject
Project("{FAE04EC0-301F-11D3-BF4B-00C04F79EFBC}") = "Domain", "Domain\Domain.csproj", "{1B106ABD-B83F-4156-9FAD-4A5054B0F0B7}"
EndProject
Project("{FAE04EC0-301F-11D3-BF4B-00C04F79EFBC}") = "Services.Abstractions", "Services.Abstractions\Services.Abstractions.csproj", "{9350B54F-56D6-432E-8532-69D3D9FE017B}"
EndProject
Project("{FAE04EC0-301F-11D3-BF4B-00C04F79EFBC}") = "Contracts", "Contracts\Contracts.csproj", "{5B518A31-90BB-4277-9236-1B5FB342CBE4}"
EndProject
Project("{FAE04EC0-301F-11D3-BF4B-00C04F79EFBC}") = "Services", "Services\Services.csproj", "{E942510D-B311-4065-AA21-59D657AFB003}"
EndProject
Project("{2150E333-8FDC-42A3-9474-1A3956D46DE8}") = "Core", "Core", "{AC708011-FE27-4019-B397-68177869B024}"
EndProject
Project("{2150E333-8FDC-42A3-9474-1A3956D46DE8}") = "Infrastructure", "Infrastructure", "{61A001AA-8028-4226-B440-353AB0B650A1}"
EndProject
Project("{FAE04EC0-301F-11D3-BF4B-00C04F79EFBC}") = "Presentation", "Presentation\Presentation.csproj", "{EA091D25-B9C7-4CCF-9C3D-AF9B1CF9CA75}"
EndProject
Project("{FAE04EC0-301F-11D3-BF4B-00C04F79EFBC}") = "Web", "Web\Web.csproj", "{A69723D5-696F-4829-B664-72667AA130D1}"
EndProject
Project("{FAE04EC0-301F-11D3-BF4B-00C04F79EFBC}") = "Persistence", "Persistence\Persistence.csproj", "{93828B0F-7328-4004-8464-BD85B462A1FB}"
EndProject
Project("{E53339B2-1760-4266-BCC7-CA923CBCF16C}") = "docker-compose", "docker-compose.dcproj", "{489265AF-A040-4013-AB8D-2F8169CDD1C2}"
EndProject
Global
	GlobalSection(SolutionConfigurationPlatforms) = preSolution
		Debug|Any CPU = Debug|Any CPU
		Release|Any CPU = Release|Any CPU
	EndGlobalSection
	GlobalSection(ProjectConfigurationPlatforms) = postSolution
		{1B106ABD-B83F-4156-9FAD-4A5054B0F0B7}.Debug|Any CPU.ActiveCfg = Debug|Any CPU
		{1B106ABD-B83F-4156-9FAD-4A5054B0F0B7}.Debug|Any CPU.Build.0 = Debug|Any CPU
		{1B106ABD-B83F-4156-9FAD-4A5054B0F0B7}.Release|Any CPU.ActiveCfg = Release|Any CPU
		{1B106ABD-B83F-4156-9FAD-4A5054B0F0B7}.Release|Any CPU.Build.0 = Release|Any CPU
		{9350B54F-56D6-432E-8532-69D3D9FE017B}.Debug|Any CPU.ActiveCfg = Debug|Any CPU
		{9350B54F-56D6-432E-8532-69D3D9FE017B}.Debug|Any CPU.Build.0 = Debug|Any CPU
		{9350B54F-56D6-432E-8532-69D3D9FE017B}.Release|Any CPU.ActiveCfg = Release|Any CPU
		{9350B54F-56D6-432E-8532-69D3D9FE017B}.Release|Any CPU.Build.0 = Release|Any CPU
		{5B518A31-90BB-4277-9236-1B5FB342CBE4}.Debug|Any CPU.ActiveCfg = Debug|Any CPU
		{5B518A31-90BB-4277-9236-1B5FB342CBE4}.Debug|Any CPU.Build.0 = Debug|Any CPU
		{5B518A31-90BB-4277-9236-1B5FB342CBE4}.Release|Any CPU.ActiveCfg = Release|Any CPU
		{5B518A31-90BB-4277-9236-1B5FB342CBE4}.Release|Any CPU.Build.0 = Release|Any CPU
		{E942510D-B311-4065-AA21-59D657AFB003}.Debug|Any CPU.ActiveCfg = Debug|Any CPU
		{E942510D-B311-4065-AA21-59D657AFB003}.Debug|Any CPU.Build.0 = Debug|Any CPU
		{E942510D-B311-4065-AA21-59D657AFB003}.Release|Any CPU.ActiveCfg = Release|Any CPU
		{E942510D-B311-4065-AA21-59D657AFB003}.Release|Any CPU.Build.0 = Release|Any CPU
		{EA091D25-B9C7-4CCF-9C3D-AF9B1CF9CA75}.Debug|Any CPU.ActiveCfg = Debug|Any CPU
		{EA091D25-B9C7-4CCF-9C3D-AF9B1CF9CA75}.Debug|Any CPU.Build.0 = Debug|Any CPU
		{EA091D25-B9C7-4CCF-9C3D-AF9B1CF9CA75}.Release|Any CPU.ActiveCfg = Release|Any CPU
		{EA091D25-B9C7-4CCF-9C3D-AF9B1CF9CA75}.Release|Any CPU.Build.0 = Release|Any CPU
		{A69723D5-696F-4829-B664-72667AA130D1}.Debug|Any CPU.ActiveCfg = Debug|Any CPU
		{A69723D5-696F-4829-B664-72667AA130D1}.Debug|Any CPU.Build.0 = Debug|Any CPU
		{A69723D5-696F-4829-B664-72667AA130D1}.Release|Any CPU.ActiveCfg = Release|Any CPU
		{A69723D5-696F-4829-B664-72667AA130D1}.Release|Any CPU.Build.0 = Release|Any CPU
		{93828B0F-7328-4004-8464-BD85B462A1FB}.Debug|Any CPU.ActiveCfg = Debug|Any CPU
		{93828B0F-7328-4004-8464-BD85B462A1FB}.Debug|Any CPU.Build.0 = Debug|Any CPU
		{93828B0F-7328-4004-8464-BD85B462A1FB}.Release|Any CPU.ActiveCfg = Release|Any CPU
		{93828B0F-7328-4004-8464-BD85B462A1FB}.Release|Any CPU.Build.0 = Release|Any CPU
		{489265AF-A040-4013-AB8D-2F8169CDD1C2}.Debug|Any CPU.ActiveCfg = Debug|Any CPU
		{489265AF-A040-4013-AB8D-2F8169CDD1C2}.Debug|Any CPU.Build.0 = Debug|Any CPU
		{489265AF-A040-4013-AB8D-2F8169CDD1C2}.Release|Any CPU.ActiveCfg = Release|Any CPU
		{489265AF-A040-4013-AB8D-2F8169CDD1C2}.Release|Any CPU.Build.0 = Release|Any CPU
	EndGlobalSection
	GlobalSection(SolutionProperties) = preSolution
		HideSolutionNode = FALSE
	EndGlobalSection
	GlobalSection(NestedProjects) = preSolution
		{D38C5B5A-16A5-43B3-A42A-8AD95472A092} = {AC708011-FE27-4019-B397-68177869B024}
		{BAA83CB2-4F6D-4CB6-AFAE-3A3A576B59AC} = {AC708011-FE27-4019-B397-68177869B024}
		{A1279915-A575-436F-B255-3D492CA97316} = {61A001AA-8028-4226-B440-353AB0B650A1}
		{9C0BE599-0FF0-421F-9AAA-26A2E4C7AB50} = {AC708011-FE27-4019-B397-68177869B024}
		{C63F29D3-1CE9-4D11-BC65-9D3EAEF94BF0} = {AC708011-FE27-4019-B397-68177869B024}
		{63DF064E-E4C3-42AA-BB3B-A232BFDC6D22} = {61A001AA-8028-4226-B440-353AB0B650A1}
		{1B106ABD-B83F-4156-9FAD-4A5054B0F0B7} = {D38C5B5A-16A5-43B3-A42A-8AD95472A092}
		{9350B54F-56D6-432E-8532-69D3D9FE017B} = {C63F29D3-1CE9-4D11-BC65-9D3EAEF94BF0}
		{5B518A31-90BB-4277-9236-1B5FB342CBE4} = {9C0BE599-0FF0-421F-9AAA-26A2E4C7AB50}
		{E942510D-B311-4065-AA21-59D657AFB003} = {BAA83CB2-4F6D-4CB6-AFAE-3A3A576B59AC}
		{EA091D25-B9C7-4CCF-9C3D-AF9B1CF9CA75} = {A1279915-A575-436F-B255-3D492CA97316}
		{93828B0F-7328-4004-8464-BD85B462A1FB} = {63DF064E-E4C3-42AA-BB3B-A232BFDC6D22}
	EndGlobalSection
	GlobalSection(ExtensibilityGlobals) = postSolution
		SolutionGuid = {6B96F533-BEFA-4D95-B4E0-616FBFC873D7}
	EndGlobalSection
EndGlobal
